
Microsoft Visual Studio Solution File, Format Version 12.00
# Visual Studio Version 17
VisualStudioVersion = 17.0.31919.166
MinimumVisualStudioVersion = 10.0.40219.1
Project("{FAE04EC0-301F-11D3-BF4B-00C04F79EFBC}") = "ShopBridge", "ShopBridge\ShopBridge.csproj", "{00760F83-7991-4F34-8999-082B09FBCFCD}"
EndProject
Global
	GlobalSection(SolutionConfigurationPlatforms) = preSolution
		Debug|Any CPU = Debug|Any CPU
		Release|Any CPU = Release|Any CPU
	EndGlobalSection
	GlobalSection(ProjectConfigurationPlatforms) = postSolution
		{00760F83-7991-4F34-8999-082B09FBCFCD}.Debug|Any CPU.ActiveCfg = Debug|Any CPU
		{00760F83-7991-4F34-8999-082B09FBCFCD}.Debug|Any CPU.Build.0 = Debug|Any CPU
		{00760F83-7991-4F34-8999-082B09FBCFCD}.Release|Any CPU.ActiveCfg = Release|Any CPU
		{00760F83-7991-4F34-8999-082B09FBCFCD}.Release|Any CPU.Build.0 = Release|Any CPU
	EndGlobalSection
	GlobalSection(SolutionProperties) = preSolution
		HideSolutionNode = FALSE
	EndGlobalSection
	GlobalSection(ExtensibilityGlobals) = postSolution
		SolutionGuid = {0087BB73-6B19-47CF-A5B4-2EB439725CB3}
	EndGlobalSection
EndGlobal
